{
  "object": {
    "pins": [
      {
        "package": "FXReachability",
        "repositoryURL": "https://github.com/SRGSSR/FXReachability/",
        "state": {
          "branch": "master",
          "revision": "1eac916df0045630e779fa60eef22ed0d185e15f",
          "version": null
        }
      },
      {
        "package": "libextobjc",
        "repositoryURL": "https://github.com/SRGSSR/libextobjc.git",
        "state": {
          "branch": "master",
          "revision": "30ee5b73bdf57a826978aa146881277f22369be1",
          "version": null
        }
      },
      {
        "package": "MAKVONotificationCenter",
        "repositoryURL": "https://github.com/SRGSSR/MAKVONotificationCenter.git",
        "state": {
          "branch": "master",
          "revision": "60395e0601ffd4a784856b423d4cac558366276d",
          "version": null
        }
      },
      {
        "package": "UICKeyChainStore",
        "repositoryURL": "https://github.com/kishikawakatsumi/UICKeyChainStore.git",
        "state": {
          "branch": "master",
          "revision": "db869212bc69b6198a62efe03e2f5fc8e19c6b65",
          "version": null
        }
      }
    ]
  },
  "version": 1
}
